// !$*UTF8*$!
{
	archiveVersion = 1;
	classes = {
	};
	objectVersion = 55;
	objects = {

/* Begin PBXBuildFile section */
		C5096D9527D24051006A3BCC /* CardViewTableViewCell.swift in Sources */ = {isa = PBXBuildFile; fileRef = C5096D9427D24051006A3BCC /* CardViewTableViewCell.swift */; };
		C5096D9827D2E303006A3BCC /* CustomCardView.swift in Sources */ = {isa = PBXBuildFile; fileRef = C5096D9727D2E303006A3BCC /* CustomCardView.swift */; };
		C50D69BD27C69CCF00E52E3B /* HomeViewControllerScreen.swift in Sources */ = {isa = PBXBuildFile; fileRef = C50D69BC27C69CCF00E52E3B /* HomeViewControllerScreen.swift */; };
		C57F6CF128366B0D00BF4589 /* DetailViewController.swift in Sources */ = {isa = PBXBuildFile; fileRef = C57F6CF028366B0D00BF4589 /* DetailViewController.swift */; };
		C57F6CF428366B4E00BF4589 /* DetailViewControllerScreen.swift in Sources */ = {isa = PBXBuildFile; fileRef = C57F6CF328366B4E00BF4589 /* DetailViewControllerScreen.swift */; };
		C5D2A1CF282F000A00C0163E /* CardActionView.swift in Sources */ = {isa = PBXBuildFile; fileRef = C5D2A1CE282F000A00C0163E /* CardActionView.swift */; };
		C5F3CFEC27C2E926004FBDA1 /* AppDelegate.swift in Sources */ = {isa = PBXBuildFile; fileRef = C5F3CFEB27C2E926004FBDA1 /* AppDelegate.swift */; };
		C5F3CFEE27C2E926004FBDA1 /* SceneDelegate.swift in Sources */ = {isa = PBXBuildFile; fileRef = C5F3CFED27C2E926004FBDA1 /* SceneDelegate.swift */; };
		C5F3CFF027C2E926004FBDA1 /* HomeViewController.swift in Sources */ = {isa = PBXBuildFile; fileRef = C5F3CFEF27C2E926004FBDA1 /* HomeViewController.swift */; };
		C5F3CFF527C2E929004FBDA1 /* Assets.xcassets in Resources */ = {isa = PBXBuildFile; fileRef = C5F3CFF427C2E929004FBDA1 /* Assets.xcassets */; };
		C5F3CFF827C2E929004FBDA1 /* LaunchScreen.storyboard in Resources */ = {isa = PBXBuildFile; fileRef = C5F3CFF627C2E929004FBDA1 /* LaunchScreen.storyboard */; };
		C5F3D00227C2FA73004FBDA1 /* CardViewModel.swift in Sources */ = {isa = PBXBuildFile; fileRef = C5F3D00127C2FA73004FBDA1 /* CardViewModel.swift */; };
		C5F3D00427C3C77A004FBDA1 /* NSAttributedString + Extension.swift in Sources */ = {isa = PBXBuildFile; fileRef = C5F3D00327C3C77A004FBDA1 /* NSAttributedString + Extension.swift */; };
		C5F3D00627C3C7B0004FBDA1 /* NSTextAttachment + Extension.swift in Sources */ = {isa = PBXBuildFile; fileRef = C5F3D00527C3C7B0004FBDA1 /* NSTextAttachment + Extension.swift */; };
		C5F3D00827C3C7F7004FBDA1 /* UIView + Extension.swift in Sources */ = {isa = PBXBuildFile; fileRef = C5F3D00727C3C7F7004FBDA1 /* UIView + Extension.swift */; };
/* End PBXBuildFile section */

/* Begin PBXFileReference section */
		C5096D9427D24051006A3BCC /* CardViewTableViewCell.swift */ = {isa = PBXFileReference; lastKnownFileType = sourcecode.swift; path = CardViewTableViewCell.swift; sourceTree = "<group>"; };
		C5096D9727D2E303006A3BCC /* CustomCardView.swift */ = {isa = PBXFileReference; lastKnownFileType = sourcecode.swift; path = CustomCardView.swift; sourceTree = "<group>"; };
		C50D69BC27C69CCF00E52E3B /* HomeViewControllerScreen.swift */ = {isa = PBXFileReference; lastKnownFileType = sourcecode.swift; path = HomeViewControllerScreen.swift; sourceTree = "<group>"; };
		C57F6CF028366B0D00BF4589 /* DetailViewController.swift */ = {isa = PBXFileReference; lastKnownFileType = sourcecode.swift; path = DetailViewController.swift; sourceTree = "<group>"; };
		C57F6CF328366B4E00BF4589 /* DetailViewControllerScreen.swift */ = {isa = PBXFileReference; lastKnownFileType = sourcecode.swift; path = DetailViewControllerScreen.swift; sourceTree = "<group>"; };
		C5D2A1CE282F000A00C0163E /* CardActionView.swift */ = {isa = PBXFileReference; lastKnownFileType = sourcecode.swift; path = CardActionView.swift; sourceTree = "<group>"; };
		C5F3CFE827C2E926004FBDA1 /* AppMusic.app */ = {isa = PBXFileReference; explicitFileType = wrapper.application; includeInIndex = 0; path = AppMusic.app; sourceTree = BUILT_PRODUCTS_DIR; };
		C5F3CFEB27C2E926004FBDA1 /* AppDelegate.swift */ = {isa = PBXFileReference; lastKnownFileType = sourcecode.swift; path = AppDelegate.swift; sourceTree = "<group>"; };
		C5F3CFED27C2E926004FBDA1 /* SceneDelegate.swift */ = {isa = PBXFileReference; lastKnownFileType = sourcecode.swift; path = SceneDelegate.swift; sourceTree = "<group>"; };
		C5F3CFEF27C2E926004FBDA1 /* HomeViewController.swift */ = {isa = PBXFileReference; lastKnownFileType = sourcecode.swift; path = HomeViewController.swift; sourceTree = "<group>"; };
		C5F3CFF427C2E929004FBDA1 /* Assets.xcassets */ = {isa = PBXFileReference; lastKnownFileType = folder.assetcatalog; path = Assets.xcassets; sourceTree = "<group>"; };
		C5F3CFF727C2E929004FBDA1 /* Base */ = {isa = PBXFileReference; lastKnownFileType = file.storyboard; name = Base; path = Base.lproj/LaunchScreen.storyboard; sourceTree = "<group>"; };
		C5F3CFF927C2E929004FBDA1 /* Info.plist */ = {isa = PBXFileReference; lastKnownFileType = text.plist.xml; path = Info.plist; sourceTree = "<group>"; };
		C5F3D00127C2FA73004FBDA1 /* CardViewModel.swift */ = {isa = PBXFileReference; lastKnownFileType = sourcecode.swift; path = CardViewModel.swift; sourceTree = "<group>"; };
		C5F3D00327C3C77A004FBDA1 /* NSAttributedString + Extension.swift */ = {isa = PBXFileReference; lastKnownFileType = sourcecode.swift; path = "NSAttributedString + Extension.swift"; sourceTree = "<group>"; };
		C5F3D00527C3C7B0004FBDA1 /* NSTextAttachment + Extension.swift */ = {isa = PBXFileReference; lastKnownFileType = sourcecode.swift; path = "NSTextAttachment + Extension.swift"; sourceTree = "<group>"; };
		C5F3D00727C3C7F7004FBDA1 /* UIView + Extension.swift */ = {isa = PBXFileReference; lastKnownFileType = sourcecode.swift; path = "UIView + Extension.swift"; sourceTree = "<group>"; };
/* End PBXFileReference section */

/* Begin PBXFrameworksBuildPhase section */
		C5F3CFE527C2E926004FBDA1 /* Frameworks */ = {
			isa = PBXFrameworksBuildPhase;
			buildActionMask = 2147483647;
			files = (
			);
			runOnlyForDeploymentPostprocessing = 0;
		};
/* End PBXFrameworksBuildPhase section */

/* Begin PBXGroup section */
		C5096D9627D2E2D7006A3BCC /* CustomView */ = {
			isa = PBXGroup;
			children = (
				C5096D9727D2E303006A3BCC /* CustomCardView.swift */,
				C5D2A1CE282F000A00C0163E /* CardActionView.swift */,
			);
			path = CustomView;
			sourceTree = "<group>";
		};
		C50D69BB27C69C9100E52E3B /* Home */ = {
			isa = PBXGroup;
			children = (
				C50D69BE27C69DA600E52E3B /* Screen */,
				C5F3CFEF27C2E926004FBDA1 /* HomeViewController.swift */,
			);
			path = Home;
			sourceTree = "<group>";
		};
		C50D69BE27C69DA600E52E3B /* Screen */ = {
			isa = PBXGroup;
			children = (
				C50D69BC27C69CCF00E52E3B /* HomeViewControllerScreen.swift */,
			);
			path = Screen;
			sourceTree = "<group>";
		};
		C50D69BF27C6AD5400E52E3B /* Cell */ = {
			isa = PBXGroup;
			children = (
				C5096D9427D24051006A3BCC /* CardViewTableViewCell.swift */,
			);
			path = Cell;
			sourceTree = "<group>";
		};
		C57F6CEF28366AD800BF4589 /* DetailViewController */ = {
			isa = PBXGroup;
			children = (
				C57F6CF228366B2F00BF4589 /* Screen */,
				C57F6CF028366B0D00BF4589 /* DetailViewController.swift */,
			);
			path = DetailViewController;
			sourceTree = "<group>";
		};
		C57F6CF228366B2F00BF4589 /* Screen */ = {
			isa = PBXGroup;
			children = (
				C57F6CF328366B4E00BF4589 /* DetailViewControllerScreen.swift */,
			);
			path = Screen;
			sourceTree = "<group>";
		};
		C5F3CFDF27C2E926004FBDA1 = {
			isa = PBXGroup;
			children = (
				C5F3CFEA27C2E926004FBDA1 /* AppMusic */,
				C5F3CFE927C2E926004FBDA1 /* Products */,
			);
			sourceTree = "<group>";
		};
		C5F3CFE927C2E926004FBDA1 /* Products */ = {
			isa = PBXGroup;
			children = (
				C5F3CFE827C2E926004FBDA1 /* AppMusic.app */,
			);
			name = Products;
			sourceTree = "<group>";
		};
		C5F3CFEA27C2E926004FBDA1 /* AppMusic */ = {
			isa = PBXGroup;
			children = (
				C5F3CFEB27C2E926004FBDA1 /* AppDelegate.swift */,
				C5F3CFED27C2E926004FBDA1 /* SceneDelegate.swift */,
				C5096D9627D2E2D7006A3BCC /* CustomView */,
				C5F3D00027C2EB6E004FBDA1 /* Extension */,
				C5F3CFFF27C2EB69004FBDA1 /* Model */,
				C50D69BB27C69C9100E52E3B /* Home */,
				C50D69BF27C6AD5400E52E3B /* Cell */,
				C57F6CEF28366AD800BF4589 /* DetailViewController */,
				C5F3CFF427C2E929004FBDA1 /* Assets.xcassets */,
				C5F3CFF627C2E929004FBDA1 /* LaunchScreen.storyboard */,
				C5F3CFF927C2E929004FBDA1 /* Info.plist */,
			);
			path = AppMusic;
			sourceTree = "<group>";
		};
		C5F3CFFF27C2EB69004FBDA1 /* Model */ = {
			isa = PBXGroup;
			children = (
				C5F3D00127C2FA73004FBDA1 /* CardViewModel.swift */,
			);
			path = Model;
			sourceTree = "<group>";
		};
		C5F3D00027C2EB6E004FBDA1 /* Extension */ = {
			isa = PBXGroup;
			children = (
				C5F3D00327C3C77A004FBDA1 /* NSAttributedString + Extension.swift */,
				C5F3D00527C3C7B0004FBDA1 /* NSTextAttachment + Extension.swift */,
				C5F3D00727C3C7F7004FBDA1 /* UIView + Extension.swift */,
			);
			path = Extension;
			sourceTree = "<group>";
		};
/* End PBXGroup section */

/* Begin PBXNativeTarget section */
		C5F3CFE727C2E926004FBDA1 /* AppMusic */ = {
			isa = PBXNativeTarget;
			buildConfigurationList = C5F3CFFC27C2E929004FBDA1 /* Build configuration list for PBXNativeTarget "AppMusic" */;
			buildPhases = (
				C5F3CFE427C2E926004FBDA1 /* Sources */,
				C5F3CFE527C2E926004FBDA1 /* Frameworks */,
				C5F3CFE627C2E926004FBDA1 /* Resources */,
			);
			buildRules = (
			);
			dependencies = (
			);
			name = AppMusic;
			productName = AppMusic;
			productReference = C5F3CFE827C2E926004FBDA1 /* AppMusic.app */;
			productType = "com.apple.product-type.application";
		};
/* End PBXNativeTarget section */

/* Begin PBXProject section */
		C5F3CFE027C2E926004FBDA1 /* Project object */ = {
			isa = PBXProject;
			attributes = {
				BuildIndependentTargetsInParallel = 1;
				LastSwiftUpdateCheck = 1320;
				LastUpgradeCheck = 1320;
				TargetAttributes = {
					C5F3CFE727C2E926004FBDA1 = {
						CreatedOnToolsVersion = 13.2.1;
					};
				};
			};
			buildConfigurationList = C5F3CFE327C2E926004FBDA1 /* Build configuration list for PBXProject "AppMusic" */;
			compatibilityVersion = "Xcode 13.0";
			developmentRegion = en;
			hasScannedForEncodings = 0;
			knownRegions = (
				en,
				Base,
			);
			mainGroup = C5F3CFDF27C2E926004FBDA1;
			productRefGroup = C5F3CFE927C2E926004FBDA1 /* Products */;
			projectDirPath = "";
			projectRoot = "";
			targets = (
				C5F3CFE727C2E926004FBDA1 /* AppMusic */,
			);
		};
/* End PBXProject section */

/* Begin PBXResourcesBuildPhase section */
		C5F3CFE627C2E926004FBDA1 /* Resources */ = {
			isa = PBXResourcesBuildPhase;
			buildActionMask = 2147483647;
			files = (
				C5F3CFF827C2E929004FBDA1 /* LaunchScreen.storyboard in Resources */,
				C5F3CFF527C2E929004FBDA1 /* Assets.xcassets in Resources */,
			);
			runOnlyForDeploymentPostprocessing = 0;
		};
/* End PBXResourcesBuildPhase section */

/* Begin PBXSourcesBuildPhase section */
		C5F3CFE427C2E926004FBDA1 /* Sources */ = {
			isa = PBXSourcesBuildPhase;
			buildActionMask = 2147483647;
			files = (
				C57F6CF428366B4E00BF4589 /* DetailViewControllerScreen.swift in Sources */,
				C5096D9527D24051006A3BCC /* CardViewTableViewCell.swift in Sources */,
				C5F3D00227C2FA73004FBDA1 /* CardViewModel.swift in Sources */,
				C50D69BD27C69CCF00E52E3B /* HomeViewControllerScreen.swift in Sources */,
				C57F6CF128366B0D00BF4589 /* DetailViewController.swift in Sources */,
				C5F3CFF027C2E926004FBDA1 /* HomeViewController.swift in Sources */,
				C5F3D00627C3C7B0004FBDA1 /* NSTextAttachment + Extension.swift in Sources */,
				C5F3CFEC27C2E926004FBDA1 /* AppDelegate.swift in Sources */,
				C5D2A1CF282F000A00C0163E /* CardActionView.swift in Sources */,
				C5F3D00827C3C7F7004FBDA1 /* UIView + Extension.swift in Sources */,
				C5096D9827D2E303006A3BCC /* CustomCardView.swift in Sources */,
				C5F3D00427C3C77A004FBDA1 /* NSAttributedString + Extension.swift in Sources */,
				C5F3CFEE27C2E926004FBDA1 /* SceneDelegate.swift in Sources */,
			);
			runOnlyForDeploymentPostprocessing = 0;
		};
/* End PBXSourcesBuildPhase section */

/* Begin PBXVariantGroup section */
		C5F3CFF627C2E929004FBDA1 /* LaunchScreen.storyboard */ = {
			isa = PBXVariantGroup;
			children = (
				C5F3CFF727C2E929004FBDA1 /* Base */,
			);
			name = LaunchScreen.storyboard;
			sourceTree = "<group>";
		};
/* End PBXVariantGroup section */

/* Begin XCBuildConfiguration section */
		C5F3CFFA27C2E929004FBDA1 /* Debug */ = {
			isa = XCBuildConfiguration;
			buildSettings = {
				ALWAYS_SEARCH_USER_PATHS = NO;
				CLANG_ANALYZER_NONNULL = YES;
				CLANG_ANALYZER_NUMBER_OBJECT_CONVERSION = YES_AGGRESSIVE;
				CLANG_CXX_LANGUAGE_STANDARD = "gnu++17";
				CLANG_CXX_LIBRARY = "libc++";
				CLANG_ENABLE_MODULES = YES;
				CLANG_ENABLE_OBJC_ARC = YES;
				CLANG_ENABLE_OBJC_WEAK = YES;
				CLANG_WARN_BLOCK_CAPTURE_AUTORELEASING = YES;
				CLANG_WARN_BOOL_CONVERSION = YES;
				CLANG_WARN_COMMA = YES;
				CLANG_WARN_CONSTANT_CONVERSION = YES;
				CLANG_WARN_DEPRECATED_OBJC_IMPLEMENTATIONS = YES;
				CLANG_WARN_DIRECT_OBJC_ISA_USAGE = YES_ERROR;
				CLANG_WARN_DOCUMENTATION_COMMENTS = YES;
				CLANG_WARN_EMPTY_BODY = YES;
				CLANG_WARN_ENUM_CONVERSION = YES;
				CLANG_WARN_INFINITE_RECURSION = YES;
				CLANG_WARN_INT_CONVERSION = YES;
				CLANG_WARN_NON_LITERAL_NULL_CONVERSION = YES;
				CLANG_WARN_OBJC_IMPLICIT_RETAIN_SELF = YES;
				CLANG_WARN_OBJC_LITERAL_CONVERSION = YES;
				CLANG_WARN_OBJC_ROOT_CLASS = YES_ERROR;
				CLANG_WARN_QUOTED_INCLUDE_IN_FRAMEWORK_HEADER = YES;
				CLANG_WARN_RANGE_LOOP_ANALYSIS = YES;
				CLANG_WARN_STRICT_PROTOTYPES = YES;
				CLANG_WARN_SUSPICIOUS_MOVE = YES;
				CLANG_WARN_UNGUARDED_AVAILABILITY = YES_AGGRESSIVE;
				CLANG_WARN_UNREACHABLE_CODE = YES;
				CLANG_WARN__DUPLICATE_METHOD_MATCH = YES;
				COPY_PHASE_STRIP = NO;
				DEBUG_INFORMATION_FORMAT = dwarf;
				ENABLE_STRICT_OBJC_MSGSEND = YES;
				ENABLE_TESTABILITY = YES;
				GCC_C_LANGUAGE_STANDARD = gnu11;
				GCC_DYNAMIC_NO_PIC = NO;
				GCC_NO_COMMON_BLOCKS = YES;
				GCC_OPTIMIZATION_LEVEL = 0;
				GCC_PREPROCESSOR_DEFINITIONS = (
					"DEBUG=1",
					"$(inherited)",
				);
				GCC_WARN_64_TO_32_BIT_CONVERSION = YES;
				GCC_WARN_ABOUT_RETURN_TYPE = YES_ERROR;
				GCC_WARN_UNDECLARED_SELECTOR = YES;
				GCC_WARN_UNINITIALIZED_AUTOS = YES_AGGRESSIVE;
				GCC_WARN_UNUSED_FUNCTION = YES;
				GCC_WARN_UNUSED_VARIABLE = YES;
				IPHONEOS_DEPLOYMENT_TARGET = 15.2;
				MTL_ENABLE_DEBUG_INFO = INCLUDE_SOURCE;
				MTL_FAST_MATH = YES;
				ONLY_ACTIVE_ARCH = YES;
				SDKROOT = iphoneos;
				SWIFT_ACTIVE_COMPILATION_CONDITIONS = DEBUG;
				SWIFT_OPTIMIZATION_LEVEL = "-Onone";
			};
			name = Debug;
		};
		C5F3CFFB27C2E929004FBDA1 /* Release */ = {
			isa = XCBuildConfiguration;
			buildSettings = {
				ALWAYS_SEARCH_USER_PATHS = NO;
				CLANG_ANALYZER_NONNULL = YES;
				CLANG_ANALYZER_NUMBER_OBJECT_CONVERSION = YES_AGGRESSIVE;
				CLANG_CXX_LANGUAGE_STANDARD = "gnu++17";
				CLANG_CXX_LIBRARY = "libc++";
				CLANG_ENABLE_MODULES = YES;
				CLANG_ENABLE_OBJC_ARC = YES;
				CLANG_ENABLE_OBJC_WEAK = YES;
				CLANG_WARN_BLOCK_CAPTURE_AUTORELEASING = YES;
				CLANG_WARN_BOOL_CONVERSION = YES;
				CLANG_WARN_COMMA = YES;
				CLANG_WARN_CONSTANT_CONVERSION = YES;
				CLANG_WARN_DEPRECATED_OBJC_IMPLEMENTATIONS = YES;
				CLANG_WARN_DIRECT_OBJC_ISA_USAGE = YES_ERROR;
				CLANG_WARN_DOCUMENTATION_COMMENTS = YES;
				CLANG_WARN_EMPTY_BODY = YES;
				CLANG_WARN_ENUM_CONVERSION = YES;
				CLANG_WARN_INFINITE_RECURSION = YES;
				CLANG_WARN_INT_CONVERSION = YES;
				CLANG_WARN_NON_LITERAL_NULL_CONVERSION = YES;
				CLANG_WARN_OBJC_IMPLICIT_RETAIN_SELF = YES;
				CLANG_WARN_OBJC_LITERAL_CONVERSION = YES;
				CLANG_WARN_OBJC_ROOT_CLASS = YES_ERROR;
				CLANG_WARN_QUOTED_INCLUDE_IN_FRAMEWORK_HEADER = YES;
				CLANG_WARN_RANGE_LOOP_ANALYSIS = YES;
				CLANG_WARN_STRICT_PROTOTYPES = YES;
				CLANG_WARN_SUSPICIOUS_MOVE = YES;
				CLANG_WARN_UNGUARDED_AVAILABILITY = YES_AGGRESSIVE;
				CLANG_WARN_UNREACHABLE_CODE = YES;
				CLANG_WARN__DUPLICATE_METHOD_MATCH = YES;
				COPY_PHASE_STRIP = NO;
				DEBUG_INFORMATION_FORMAT = "dwarf-with-dsym";
				ENABLE_NS_ASSERTIONS = NO;
				ENABLE_STRICT_OBJC_MSGSEND = YES;
				GCC_C_LANGUAGE_STANDARD = gnu11;
				GCC_NO_COMMON_BLOCKS = YES;
				GCC_WARN_64_TO_32_BIT_CONVERSION = YES;
				GCC_WARN_ABOUT_RETURN_TYPE = YES_ERROR;
				GCC_WARN_UNDECLARED_SELECTOR = YES;
				GCC_WARN_UNINITIALIZED_AUTOS = YES_AGGRESSIVE;
				GCC_WARN_UNUSED_FUNCTION = YES;
				GCC_WARN_UNUSED_VARIABLE = YES;
				IPHONEOS_DEPLOYMENT_TARGET = 15.2;
				MTL_ENABLE_DEBUG_INFO = NO;
				MTL_FAST_MATH = YES;
				SDKROOT = iphoneos;
				SWIFT_COMPILATION_MODE = wholemodule;
				SWIFT_OPTIMIZATION_LEVEL = "-O";
				VALIDATE_PRODUCT = YES;
			};
			name = Release;
		};
		C5F3CFFD27C2E929004FBDA1 /* Debug */ = {
			isa = XCBuildConfiguration;
			buildSettings = {
				ASSETCATALOG_COMPILER_APPICON_NAME = AppIcon;
				ASSETCATALOG_COMPILER_GLOBAL_ACCENT_COLOR_NAME = AccentColor;
				CODE_SIGN_STYLE = Automatic;
				CURRENT_PROJECT_VERSION = 1;
				DEVELOPMENT_TEAM = KA74A9Q966;
				GENERATE_INFOPLIST_FILE = YES;
				INFOPLIST_FILE = AppMusic/Info.plist;
				INFOPLIST_KEY_UIApplicationSupportsIndirectInputEvents = YES;
				INFOPLIST_KEY_UILaunchStoryboardName = LaunchScreen;
				INFOPLIST_KEY_UISupportedInterfaceOrientations_iPad = "UIInterfaceOrientationPortrait UIInterfaceOrientationPortraitUpsideDown UIInterfaceOrientationLandscapeLeft UIInterfaceOrientationLandscapeRight";
				INFOPLIST_KEY_UISupportedInterfaceOrientations_iPhone = "UIInterfaceOrientationPortrait UIInterfaceOrientationLandscapeLeft UIInterfaceOrientationLandscapeRight";
				LD_RUNPATH_SEARCH_PATHS = (
					"$(inherited)",
					"@executable_path/Frameworks",
				);
				MARKETING_VERSION = 1.0;
				PRODUCT_BUNDLE_IDENTIFIER = "Jean-Camargo.AppMusic";
				PRODUCT_NAME = "$(TARGET_NAME)";
				SWIFT_EMIT_LOC_STRINGS = YES;
				SWIFT_VERSION = 5.0;
				TARGETED_DEVICE_FAMILY = "1,2";
			};
			name = Debug;
		};
		C5F3CFFE27C2E929004FBDA1 /* Release */ = {
			isa = XCBuildConfiguration;
			buildSettings = {
				ASSETCATALOG_COMPILER_APPICON_NAME = AppIcon;
				ASSETCATALOG_COMPILER_GLOBAL_ACCENT_COLOR_NAME = AccentColor;
				CODE_SIGN_STYLE = Automatic;
				CURRENT_PROJECT_VERSION = 1;
				DEVELOPMENT_TEAM = KA74A9Q966;
				GENERATE_INFOPLIST_FILE = YES;
				INFOPLIST_FILE = AppMusic/Info.plist;
				INFOPLIST_KEY_UIApplicationSupportsIndirectInputEvents = YES;
				INFOPLIST_KEY_UILaunchStoryboardName = LaunchScreen;
				INFOPLIST_KEY_UISupportedInterfaceOrientations_iPad = "UIInterfaceOrientationPortrait UIInterfaceOrientationPortraitUpsideDown UIInterfaceOrientationLandscapeLeft UIInterfaceOrientationLandscapeRight";
				INFOPLIST_KEY_UISupportedInterfaceOrientations_iPhone = "UIInterfaceOrientationPortrait UIInterfaceOrientationLandscapeLeft UIInterfaceOrientationLandscapeRight";
				LD_RUNPATH_SEARCH_PATHS = (
					"$(inherited)",
					"@executable_path/Frameworks",
				);
				MARKETING_VERSION = 1.0;
				PRODUCT_BUNDLE_IDENTIFIER = "Jean-Camargo.AppMusic";
				PRODUCT_NAME = "$(TARGET_NAME)";
				SWIFT_EMIT_LOC_STRINGS = YES;
				SWIFT_VERSION = 5.0;
				TARGETED_DEVICE_FAMILY = "1,2";
			};
			name = Release;
		};
/* End XCBuildConfiguration section */

/* Begin XCConfigurationList section */
		C5F3CFE327C2E926004FBDA1 /* Build configuration list for PBXProject "AppMusic" */ = {
			isa = XCConfigurationList;
			buildConfigurations = (
				C5F3CFFA27C2E929004FBDA1 /* Debug */,
				C5F3CFFB27C2E929004FBDA1 /* Release */,
			);
			defaultConfigurationIsVisible = 0;
			defaultConfigurationName = Release;
		};
		C5F3CFFC27C2E929004FBDA1 /* Build configuration list for PBXNativeTarget "AppMusic" */ = {
			isa = XCConfigurationList;
			buildConfigurations = (
				C5F3CFFD27C2E929004FBDA1 /* Debug */,
				C5F3CFFE27C2E929004FBDA1 /* Release */,
			);
			defaultConfigurationIsVisible = 0;
			defaultConfigurationName = Release;
		};
/* End XCConfigurationList section */
	};
	rootObject = C5F3CFE027C2E926004FBDA1 /* Project object */;
}
